
Microsoft Visual Studio Solution File, Format Version 12.00
# Visual Studio Version 17
VisualStudioVersion = 17.4.33213.308
MinimumVisualStudioVersion = 10.0.40219.1
Project("{FAE04EC0-301F-11D3-BF4B-00C04F79EFBC}") = "Unesi listu i animiraj  brisanje", "Unesi listu i animiraj  brisanje\Unesi listu i animiraj  brisanje.csproj", "{9B536762-4127-48BF-B99A-DC01B5590F3B}"
EndProject
Global
	GlobalSection(SolutionConfigurationPlatforms) = preSolution
		Debug|Any CPU = Debug|Any CPU
		Release|Any CPU = Release|Any CPU
	EndGlobalSection
	GlobalSection(ProjectConfigurationPlatforms) = postSolution
		{9B536762-4127-48BF-B99A-DC01B5590F3B}.Debug|Any CPU.ActiveCfg = Debug|Any CPU
		{9B536762-4127-48BF-B99A-DC01B5590F3B}.Debug|Any CPU.Build.0 = Debug|Any CPU
		{9B536762-4127-48BF-B99A-DC01B5590F3B}.Release|Any CPU.ActiveCfg = Release|Any CPU
		{9B536762-4127-48BF-B99A-DC01B5590F3B}.Release|Any CPU.Build.0 = Release|Any CPU
	EndGlobalSection
	GlobalSection(SolutionProperties) = preSolution
		HideSolutionNode = FALSE
	EndGlobalSection
	GlobalSection(ExtensibilityGlobals) = postSolution
		SolutionGuid = {59364BFC-5808-4477-8D6C-C1ACB1BFE334}
	EndGlobalSection
EndGlobal
